// !$*UTF8*$!
{
	archiveVersion = 1;
	classes = {
	};
	objectVersion = 50;
	objects = {

/* Begin PBXBuildFile section */
		751404451DC09066D2C8C045 /* libPods-red_school.a in Frameworks */ = {isa = PBXBuildFile; fileRef = 7F07FAC37295F30D198AF165 /* libPods-red_school.a */; };
		FA2DD8EE215F6467003F1ED1 /* AppDelegate.m in Sources */ = {isa = PBXBuildFile; fileRef = FA2DD8ED215F6467003F1ED1 /* AppDelegate.m */; };
		FA2DD8F6215F6468003F1ED1 /* Assets.xcassets in Resources */ = {isa = PBXBuildFile; fileRef = FA2DD8F5215F6468003F1ED1 /* Assets.xcassets */; };
		FA2DD8F9215F6468003F1ED1 /* LaunchScreen.storyboard in Resources */ = {isa = PBXBuildFile; fileRef = FA2DD8F7215F6468003F1ED1 /* LaunchScreen.storyboard */; };
		FA2DD8FC215F6468003F1ED1 /* main.m in Sources */ = {isa = PBXBuildFile; fileRef = FA2DD8FB215F6468003F1ED1 /* main.m */; };
		FA2DD906215F6469003F1ED1 /* red_schoolTests.m in Sources */ = {isa = PBXBuildFile; fileRef = FA2DD905215F6469003F1ED1 /* red_schoolTests.m */; };
		FA2DD911215F6469003F1ED1 /* red_schoolUITests.m in Sources */ = {isa = PBXBuildFile; fileRef = FA2DD910215F6469003F1ED1 /* red_schoolUITests.m */; };
		FA2DD926215F67AD003F1ED1 /* AppDelegate+SFRegister.m in Sources */ = {isa = PBXBuildFile; fileRef = FA2DD921215F67AC003F1ED1 /* AppDelegate+SFRegister.m */; };
		FA2DD927215F67AD003F1ED1 /* AppDelegate+SFSetup.m in Sources */ = {isa = PBXBuildFile; fileRef = FA2DD923215F67AC003F1ED1 /* AppDelegate+SFSetup.m */; };
		FA2DD928215F67AD003F1ED1 /* AppDelegate+SFNotify.m in Sources */ = {isa = PBXBuildFile; fileRef = FA2DD924215F67AD003F1ED1 /* AppDelegate+SFNotify.m */; };
		FA2DD931215F67D8003F1ED1 /* SFHttpService.m in Sources */ = {isa = PBXBuildFile; fileRef = FA2DD92B215F67D7003F1ED1 /* SFHttpService.m */; };
		FA2DD932215F67D8003F1ED1 /* SFHttp.m in Sources */ = {isa = PBXBuildFile; fileRef = FA2DD92E215F67D7003F1ED1 /* SFHttp.m */; };
		FA2DD933215F67D8003F1ED1 /* SFHttpBaseService.m in Sources */ = {isa = PBXBuildFile; fileRef = FA2DD92F215F67D7003F1ED1 /* SFHttpBaseService.m */; };
		FA2DD938215F67E8003F1ED1 /* server-info.plist in Resources */ = {isa = PBXBuildFile; fileRef = FA2DD935215F67E8003F1ED1 /* server-info.plist */; };
		FA2DD939215F67E8003F1ED1 /* SFServer.m in Sources */ = {isa = PBXBuildFile; fileRef = FA2DD937215F67E8003F1ED1 /* SFServer.m */; };
		FA2DD93E215F682D003F1ED1 /* en.strings in Resources */ = {isa = PBXBuildFile; fileRef = FA2DD93C215F682D003F1ED1 /* en.strings */; };
		FA2DD93F215F682D003F1ED1 /* zh-Hans.strings in Resources */ = {isa = PBXBuildFile; fileRef = FA2DD93D215F682D003F1ED1 /* zh-Hans.strings */; };
		FA2DD942215F6832003F1ED1 /* SFLocalization.m in Sources */ = {isa = PBXBuildFile; fileRef = FA2DD941215F6832003F1ED1 /* SFLocalization.m */; };
		FA2DD946215F6842003F1ED1 /* SFUser.m in Sources */ = {isa = PBXBuildFile; fileRef = FA2DD944215F6841003F1ED1 /* SFUser.m */; };
		FA2DD94E215F6853003F1ED1 /* SFNotice.m in Sources */ = {isa = PBXBuildFile; fileRef = FA2DD949215F6852003F1ED1 /* SFNotice.m */; };
		FA2DD94F215F6853003F1ED1 /* SFPath.m in Sources */ = {isa = PBXBuildFile; fileRef = FA2DD94B215F6852003F1ED1 /* SFPath.m */; };
		FA2DD950215F6853003F1ED1 /* SFCommon.m in Sources */ = {isa = PBXBuildFile; fileRef = FA2DD94C215F6852003F1ED1 /* SFCommon.m */; };
		FA2DD956215F68F8003F1ED1 /* SFAppManager.m in Sources */ = {isa = PBXBuildFile; fileRef = FA2DD955215F68F8003F1ED1 /* SFAppManager.m */; };
		FA2DD95A215F6922003F1ED1 /* SFBaseViewController.m in Sources */ = {isa = PBXBuildFile; fileRef = FA2DD959215F6922003F1ED1 /* SFBaseViewController.m */; };
		FA2DD95E215F6944003F1ED1 /* SFBaseNavigationController.m in Sources */ = {isa = PBXBuildFile; fileRef = FA2DD95D215F6944003F1ED1 /* SFBaseNavigationController.m */; };
		FA2DD961215F6968003F1ED1 /* SFBaseTabBarController.m in Sources */ = {isa = PBXBuildFile; fileRef = FA2DD960215F6968003F1ED1 /* SFBaseTabBarController.m */; };
		FA2DD964215F6986003F1ED1 /* SFBaseTableViewCell.m in Sources */ = {isa = PBXBuildFile; fileRef = FA2DD963215F6986003F1ED1 /* SFBaseTableViewCell.m */; };
		FA2DD967215F699F003F1ED1 /* SFBaseTableView.m in Sources */ = {isa = PBXBuildFile; fileRef = FA2DD966215F699F003F1ED1 /* SFBaseTableView.m */; };
		FA2DD96A215F69C0003F1ED1 /* SFBarButtonItem.m in Sources */ = {isa = PBXBuildFile; fileRef = FA2DD969215F69C0003F1ED1 /* SFBarButtonItem.m */; };
		FA2DD96D215F69F3003F1ED1 /* SFRootTabBarController.m in Sources */ = {isa = PBXBuildFile; fileRef = FA2DD96C215F69F3003F1ED1 /* SFRootTabBarController.m */; };
		FA2DD970215F6A07003F1ED1 /* SFNavigationController.m in Sources */ = {isa = PBXBuildFile; fileRef = FA2DD96F215F6A07003F1ED1 /* SFNavigationController.m */; };
		FA45B90B216B42E8000FE5BC /* SFLoginViewController.m in Sources */ = {isa = PBXBuildFile; fileRef = FA45B90A216B42E8000FE5BC /* SFLoginViewController.m */; };
		FA45B90E216B440E000FE5BC /* SFHttpApiLogin.m in Sources */ = {isa = PBXBuildFile; fileRef = FA45B90D216B440E000FE5BC /* SFHttpApiLogin.m */; };
		FA45B911216C8586000FE5BC /* SFHomeViewController.m in Sources */ = {isa = PBXBuildFile; fileRef = FA45B910216C8586000FE5BC /* SFHomeViewController.m */; };
		FA45B914216C8592000FE5BC /* SFMineViewController.m in Sources */ = {isa = PBXBuildFile; fileRef = FA45B913216C8592000FE5BC /* SFMineViewController.m */; };
/* End PBXBuildFile section */

/* Begin PBXContainerItemProxy section */
		FA2DD902215F6469003F1ED1 /* PBXContainerItemProxy */ = {
			isa = PBXContainerItemProxy;
			containerPortal = FA2DD8E1215F6467003F1ED1 /* Project object */;
			proxyType = 1;
			remoteGlobalIDString = FA2DD8E8215F6467003F1ED1;
			remoteInfo = red_school;
		};
		FA2DD90D215F6469003F1ED1 /* PBXContainerItemProxy */ = {
			isa = PBXContainerItemProxy;
			containerPortal = FA2DD8E1215F6467003F1ED1 /* Project object */;
			proxyType = 1;
			remoteGlobalIDString = FA2DD8E8215F6467003F1ED1;
			remoteInfo = red_school;
		};
/* End PBXContainerItemProxy section */

/* Begin PBXFileReference section */
		45AF23C55EA7E81AF01ADFA4 /* Pods-red_school.release.xcconfig */ = {isa = PBXFileReference; includeInIndex = 1; lastKnownFileType = text.xcconfig; name = "Pods-red_school.release.xcconfig"; path = "Pods/Target Support Files/Pods-red_school/Pods-red_school.release.xcconfig"; sourceTree = "<group>"; };
		7F07FAC37295F30D198AF165 /* libPods-red_school.a */ = {isa = PBXFileReference; explicitFileType = archive.ar; includeInIndex = 0; path = "libPods-red_school.a"; sourceTree = BUILT_PRODUCTS_DIR; };
		F506A35F8774BECAF023A0C5 /* Pods-red_school.debug.xcconfig */ = {isa = PBXFileReference; includeInIndex = 1; lastKnownFileType = text.xcconfig; name = "Pods-red_school.debug.xcconfig"; path = "Pods/Target Support Files/Pods-red_school/Pods-red_school.debug.xcconfig"; sourceTree = "<group>"; };
		FA2DD8E9215F6467003F1ED1 /* red_school.app */ = {isa = PBXFileReference; explicitFileType = wrapper.application; includeInIndex = 0; path = red_school.app; sourceTree = BUILT_PRODUCTS_DIR; };
		FA2DD8EC215F6467003F1ED1 /* AppDelegate.h */ = {isa = PBXFileReference; lastKnownFileType = sourcecode.c.h; path = AppDelegate.h; sourceTree = "<group>"; };
		FA2DD8ED215F6467003F1ED1 /* AppDelegate.m */ = {isa = PBXFileReference; lastKnownFileType = sourcecode.c.objc; path = AppDelegate.m; sourceTree = "<group>"; };
		FA2DD8F5215F6468003F1ED1 /* Assets.xcassets */ = {isa = PBXFileReference; lastKnownFileType = folder.assetcatalog; path = Assets.xcassets; sourceTree = "<group>"; };
		FA2DD8F8215F6468003F1ED1 /* Base */ = {isa = PBXFileReference; lastKnownFileType = file.storyboard; name = Base; path = Base.lproj/LaunchScreen.storyboard; sourceTree = "<group>"; };
		FA2DD8FA215F6468003F1ED1 /* Info.plist */ = {isa = PBXFileReference; lastKnownFileType = text.plist.xml; path = Info.plist; sourceTree = "<group>"; };
		FA2DD8FB215F6468003F1ED1 /* main.m */ = {isa = PBXFileReference; lastKnownFileType = sourcecode.c.objc; path = main.m; sourceTree = "<group>"; };
		FA2DD901215F6469003F1ED1 /* red_schoolTests.xctest */ = {isa = PBXFileReference; explicitFileType = wrapper.cfbundle; includeInIndex = 0; path = red_schoolTests.xctest; sourceTree = BUILT_PRODUCTS_DIR; };
		FA2DD905215F6469003F1ED1 /* red_schoolTests.m */ = {isa = PBXFileReference; lastKnownFileType = sourcecode.c.objc; path = red_schoolTests.m; sourceTree = "<group>"; };
		FA2DD907215F6469003F1ED1 /* Info.plist */ = {isa = PBXFileReference; lastKnownFileType = text.plist.xml; path = Info.plist; sourceTree = "<group>"; };
		FA2DD90C215F6469003F1ED1 /* red_schoolUITests.xctest */ = {isa = PBXFileReference; explicitFileType = wrapper.cfbundle; includeInIndex = 0; path = red_schoolUITests.xctest; sourceTree = BUILT_PRODUCTS_DIR; };
		FA2DD910215F6469003F1ED1 /* red_schoolUITests.m */ = {isa = PBXFileReference; lastKnownFileType = sourcecode.c.objc; path = red_schoolUITests.m; sourceTree = "<group>"; };
		FA2DD912215F6469003F1ED1 /* Info.plist */ = {isa = PBXFileReference; lastKnownFileType = text.plist.xml; path = Info.plist; sourceTree = "<group>"; };
		FA2DD91E215F647F003F1ED1 /* PrefixHeader.pch */ = {isa = PBXFileReference; lastKnownFileType = sourcecode.c.h; path = PrefixHeader.pch; sourceTree = "<group>"; };
		FA2DD920215F67AC003F1ED1 /* AppDelegate+SFRegister.h */ = {isa = PBXFileReference; fileEncoding = 4; lastKnownFileType = sourcecode.c.h; path = "AppDelegate+SFRegister.h"; sourceTree = "<group>"; };
		FA2DD921215F67AC003F1ED1 /* AppDelegate+SFRegister.m */ = {isa = PBXFileReference; fileEncoding = 4; lastKnownFileType = sourcecode.c.objc; path = "AppDelegate+SFRegister.m"; sourceTree = "<group>"; };
		FA2DD922215F67AC003F1ED1 /* AppDelegate+SFNotify.h */ = {isa = PBXFileReference; fileEncoding = 4; lastKnownFileType = sourcecode.c.h; path = "AppDelegate+SFNotify.h"; sourceTree = "<group>"; };
		FA2DD923215F67AC003F1ED1 /* AppDelegate+SFSetup.m */ = {isa = PBXFileReference; fileEncoding = 4; lastKnownFileType = sourcecode.c.objc; path = "AppDelegate+SFSetup.m"; sourceTree = "<group>"; };
		FA2DD924215F67AD003F1ED1 /* AppDelegate+SFNotify.m */ = {isa = PBXFileReference; fileEncoding = 4; lastKnownFileType = sourcecode.c.objc; path = "AppDelegate+SFNotify.m"; sourceTree = "<group>"; };
		FA2DD925215F67AD003F1ED1 /* AppDelegate+SFSetup.h */ = {isa = PBXFileReference; fileEncoding = 4; lastKnownFileType = sourcecode.c.h; path = "AppDelegate+SFSetup.h"; sourceTree = "<group>"; };
		FA2DD92B215F67D7003F1ED1 /* SFHttpService.m */ = {isa = PBXFileReference; fileEncoding = 4; lastKnownFileType = sourcecode.c.objc; path = SFHttpService.m; sourceTree = "<group>"; };
		FA2DD92C215F67D7003F1ED1 /* SFHttpBaseService.h */ = {isa = PBXFileReference; fileEncoding = 4; lastKnownFileType = sourcecode.c.h; path = SFHttpBaseService.h; sourceTree = "<group>"; };
		FA2DD92D215F67D7003F1ED1 /* SFHttp.h */ = {isa = PBXFileReference; fileEncoding = 4; lastKnownFileType = sourcecode.c.h; path = SFHttp.h; sourceTree = "<group>"; };
		FA2DD92E215F67D7003F1ED1 /* SFHttp.m */ = {isa = PBXFileReference; fileEncoding = 4; lastKnownFileType = sourcecode.c.objc; path = SFHttp.m; sourceTree = "<group>"; };
		FA2DD92F215F67D7003F1ED1 /* SFHttpBaseService.m */ = {isa = PBXFileReference; fileEncoding = 4; lastKnownFileType = sourcecode.c.objc; path = SFHttpBaseService.m; sourceTree = "<group>"; };
		FA2DD930215F67D8003F1ED1 /* SFHttpService.h */ = {isa = PBXFileReference; fileEncoding = 4; lastKnownFileType = sourcecode.c.h; path = SFHttpService.h; sourceTree = "<group>"; };
		FA2DD935215F67E8003F1ED1 /* server-info.plist */ = {isa = PBXFileReference; fileEncoding = 4; lastKnownFileType = text.plist.xml; path = "server-info.plist"; sourceTree = "<group>"; };
		FA2DD936215F67E8003F1ED1 /* SFServer.h */ = {isa = PBXFileReference; fileEncoding = 4; lastKnownFileType = sourcecode.c.h; path = SFServer.h; sourceTree = "<group>"; };
		FA2DD937215F67E8003F1ED1 /* SFServer.m */ = {isa = PBXFileReference; fileEncoding = 4; lastKnownFileType = sourcecode.c.objc; path = SFServer.m; sourceTree = "<group>"; };
		FA2DD93C215F682D003F1ED1 /* en.strings */ = {isa = PBXFileReference; fileEncoding = 4; lastKnownFileType = text.plist.strings; path = en.strings; sourceTree = "<group>"; };
		FA2DD93D215F682D003F1ED1 /* zh-Hans.strings */ = {isa = PBXFileReference; fileEncoding = 4; lastKnownFileType = text.plist.strings; path = "zh-Hans.strings"; sourceTree = "<group>"; };
		FA2DD940215F6832003F1ED1 /* SFLocalization.h */ = {isa = PBXFileReference; fileEncoding = 4; lastKnownFileType = sourcecode.c.h; path = SFLocalization.h; sourceTree = "<group>"; };
		FA2DD941215F6832003F1ED1 /* SFLocalization.m */ = {isa = PBXFileReference; fileEncoding = 4; lastKnownFileType = sourcecode.c.objc; path = SFLocalization.m; sourceTree = "<group>"; };
		FA2DD944215F6841003F1ED1 /* SFUser.m */ = {isa = PBXFileReference; fileEncoding = 4; lastKnownFileType = sourcecode.c.objc; path = SFUser.m; sourceTree = "<group>"; };
		FA2DD945215F6842003F1ED1 /* SFUser.h */ = {isa = PBXFileReference; fileEncoding = 4; lastKnownFileType = sourcecode.c.h; path = SFUser.h; sourceTree = "<group>"; };
		FA2DD948215F6852003F1ED1 /* SFCommon.h */ = {isa = PBXFileReference; fileEncoding = 4; lastKnownFileType = sourcecode.c.h; path = SFCommon.h; sourceTree = "<group>"; };
		FA2DD949215F6852003F1ED1 /* SFNotice.m */ = {isa = PBXFileReference; fileEncoding = 4; lastKnownFileType = sourcecode.c.objc; path = SFNotice.m; sourceTree = "<group>"; };
		FA2DD94A215F6852003F1ED1 /* SFPath.h */ = {isa = PBXFileReference; fileEncoding = 4; lastKnownFileType = sourcecode.c.h; path = SFPath.h; sourceTree = "<group>"; };
		FA2DD94B215F6852003F1ED1 /* SFPath.m */ = {isa = PBXFileReference; fileEncoding = 4; lastKnownFileType = sourcecode.c.objc; path = SFPath.m; sourceTree = "<group>"; };
		FA2DD94C215F6852003F1ED1 /* SFCommon.m */ = {isa = PBXFileReference; fileEncoding = 4; lastKnownFileType = sourcecode.c.objc; path = SFCommon.m; sourceTree = "<group>"; };
		FA2DD94D215F6852003F1ED1 /* SFNotice.h */ = {isa = PBXFileReference; fileEncoding = 4; lastKnownFileType = sourcecode.c.h; path = SFNotice.h; sourceTree = "<group>"; };
		FA2DD954215F68F7003F1ED1 /* SFAppManager.h */ = {isa = PBXFileReference; fileEncoding = 4; lastKnownFileType = sourcecode.c.h; path = SFAppManager.h; sourceTree = "<group>"; };
		FA2DD955215F68F8003F1ED1 /* SFAppManager.m */ = {isa = PBXFileReference; fileEncoding = 4; lastKnownFileType = sourcecode.c.objc; path = SFAppManager.m; sourceTree = "<group>"; };
		FA2DD958215F6922003F1ED1 /* SFBaseViewController.h */ = {isa = PBXFileReference; lastKnownFileType = sourcecode.c.h; path = SFBaseViewController.h; sourceTree = "<group>"; };
		FA2DD959215F6922003F1ED1 /* SFBaseViewController.m */ = {isa = PBXFileReference; lastKnownFileType = sourcecode.c.objc; path = SFBaseViewController.m; sourceTree = "<group>"; };
		FA2DD95C215F6944003F1ED1 /* SFBaseNavigationController.h */ = {isa = PBXFileReference; lastKnownFileType = sourcecode.c.h; path = SFBaseNavigationController.h; sourceTree = "<group>"; };
		FA2DD95D215F6944003F1ED1 /* SFBaseNavigationController.m */ = {isa = PBXFileReference; lastKnownFileType = sourcecode.c.objc; path = SFBaseNavigationController.m; sourceTree = "<group>"; };
		FA2DD95F215F6968003F1ED1 /* SFBaseTabBarController.h */ = {isa = PBXFileReference; lastKnownFileType = sourcecode.c.h; path = SFBaseTabBarController.h; sourceTree = "<group>"; };
		FA2DD960215F6968003F1ED1 /* SFBaseTabBarController.m */ = {isa = PBXFileReference; lastKnownFileType = sourcecode.c.objc; path = SFBaseTabBarController.m; sourceTree = "<group>"; };
		FA2DD962215F6986003F1ED1 /* SFBaseTableViewCell.h */ = {isa = PBXFileReference; lastKnownFileType = sourcecode.c.h; path = SFBaseTableViewCell.h; sourceTree = "<group>"; };
		FA2DD963215F6986003F1ED1 /* SFBaseTableViewCell.m */ = {isa = PBXFileReference; lastKnownFileType = sourcecode.c.objc; path = SFBaseTableViewCell.m; sourceTree = "<group>"; };
		FA2DD965215F699F003F1ED1 /* SFBaseTableView.h */ = {isa = PBXFileReference; lastKnownFileType = sourcecode.c.h; path = SFBaseTableView.h; sourceTree = "<group>"; };
		FA2DD966215F699F003F1ED1 /* SFBaseTableView.m */ = {isa = PBXFileReference; lastKnownFileType = sourcecode.c.objc; path = SFBaseTableView.m; sourceTree = "<group>"; };
		FA2DD968215F69C0003F1ED1 /* SFBarButtonItem.h */ = {isa = PBXFileReference; lastKnownFileType = sourcecode.c.h; path = SFBarButtonItem.h; sourceTree = "<group>"; };
		FA2DD969215F69C0003F1ED1 /* SFBarButtonItem.m */ = {isa = PBXFileReference; lastKnownFileType = sourcecode.c.objc; path = SFBarButtonItem.m; sourceTree = "<group>"; };
		FA2DD96B215F69F3003F1ED1 /* SFRootTabBarController.h */ = {isa = PBXFileReference; lastKnownFileType = sourcecode.c.h; path = SFRootTabBarController.h; sourceTree = "<group>"; };
		FA2DD96C215F69F3003F1ED1 /* SFRootTabBarController.m */ = {isa = PBXFileReference; lastKnownFileType = sourcecode.c.objc; path = SFRootTabBarController.m; sourceTree = "<group>"; };
		FA2DD96E215F6A07003F1ED1 /* SFNavigationController.h */ = {isa = PBXFileReference; lastKnownFileType = sourcecode.c.h; path = SFNavigationController.h; sourceTree = "<group>"; };
		FA2DD96F215F6A07003F1ED1 /* SFNavigationController.m */ = {isa = PBXFileReference; lastKnownFileType = sourcecode.c.objc; path = SFNavigationController.m; sourceTree = "<group>"; };
		FA45B909216B42E8000FE5BC /* SFLoginViewController.h */ = {isa = PBXFileReference; lastKnownFileType = sourcecode.c.h; path = SFLoginViewController.h; sourceTree = "<group>"; };
		FA45B90A216B42E8000FE5BC /* SFLoginViewController.m */ = {isa = PBXFileReference; lastKnownFileType = sourcecode.c.objc; path = SFLoginViewController.m; sourceTree = "<group>"; };
		FA45B90C216B440E000FE5BC /* SFHttpApiLogin.h */ = {isa = PBXFileReference; lastKnownFileType = sourcecode.c.h; path = SFHttpApiLogin.h; sourceTree = "<group>"; };
		FA45B90D216B440E000FE5BC /* SFHttpApiLogin.m */ = {isa = PBXFileReference; lastKnownFileType = sourcecode.c.objc; path = SFHttpApiLogin.m; sourceTree = "<group>"; };
		FA45B90F216C8586000FE5BC /* SFHomeViewController.h */ = {isa = PBXFileReference; lastKnownFileType = sourcecode.c.h; path = SFHomeViewController.h; sourceTree = "<group>"; };
		FA45B910216C8586000FE5BC /* SFHomeViewController.m */ = {isa = PBXFileReference; lastKnownFileType = sourcecode.c.objc; path = SFHomeViewController.m; sourceTree = "<group>"; };
		FA45B912216C8592000FE5BC /* SFMineViewController.h */ = {isa = PBXFileReference; lastKnownFileType = sourcecode.c.h; path = SFMineViewController.h; sourceTree = "<group>"; };
		FA45B913216C8592000FE5BC /* SFMineViewController.m */ = {isa = PBXFileReference; lastKnownFileType = sourcecode.c.objc; path = SFMineViewController.m; sourceTree = "<group>"; };
/* End PBXFileReference section */

/* Begin PBXFrameworksBuildPhase section */
		FA2DD8E6215F6467003F1ED1 /* Frameworks */ = {
			isa = PBXFrameworksBuildPhase;
			buildActionMask = 2147483647;
			files = (
				751404451DC09066D2C8C045 /* libPods-red_school.a in Frameworks */,
			);
			runOnlyForDeploymentPostprocessing = 0;
		};
		FA2DD8FE215F6469003F1ED1 /* Frameworks */ = {
			isa = PBXFrameworksBuildPhase;
			buildActionMask = 2147483647;
			files = (
			);
			runOnlyForDeploymentPostprocessing = 0;
		};
		FA2DD909215F6469003F1ED1 /* Frameworks */ = {
			isa = PBXFrameworksBuildPhase;
			buildActionMask = 2147483647;
			files = (
			);
			runOnlyForDeploymentPostprocessing = 0;
		};
/* End PBXFrameworksBuildPhase section */

/* Begin PBXGroup section */
		8537BB8E55CA984E0AB937AF /* Pods */ = {
			isa = PBXGroup;
			children = (
				F506A35F8774BECAF023A0C5 /* Pods-red_school.debug.xcconfig */,
				45AF23C55EA7E81AF01ADFA4 /* Pods-red_school.release.xcconfig */,
			);
			name = Pods;
			sourceTree = "<group>";
		};
		DBB37A47836F2A03B20BE710 /* Frameworks */ = {
			isa = PBXGroup;
			children = (
				7F07FAC37295F30D198AF165 /* libPods-red_school.a */,
			);
			name = Frameworks;
			sourceTree = "<group>";
		};
		FA2DD8E0215F6467003F1ED1 = {
			isa = PBXGroup;
			children = (
				FA2DD8EB215F6467003F1ED1 /* red_school */,
				FA2DD904215F6469003F1ED1 /* red_schoolTests */,
				FA2DD90F215F6469003F1ED1 /* red_schoolUITests */,
				FA2DD8EA215F6467003F1ED1 /* Products */,
				8537BB8E55CA984E0AB937AF /* Pods */,
				DBB37A47836F2A03B20BE710 /* Frameworks */,
			);
			sourceTree = "<group>";
		};
		FA2DD8EA215F6467003F1ED1 /* Products */ = {
			isa = PBXGroup;
			children = (
				FA2DD8E9215F6467003F1ED1 /* red_school.app */,
				FA2DD901215F6469003F1ED1 /* red_schoolTests.xctest */,
				FA2DD90C215F6469003F1ED1 /* red_schoolUITests.xctest */,
			);
			name = Products;
			sourceTree = "<group>";
		};
		FA2DD8EB215F6467003F1ED1 /* red_school */ = {
			isa = PBXGroup;
			children = (
				FA2DD952215F68D3003F1ED1 /* Main */,
				FA2DD951215F688A003F1ED1 /* Web */,
				FA2DD947215F684A003F1ED1 /* Common */,
				FA2DD943215F683B003F1ED1 /* User */,
				FA2DD93A215F680F003F1ED1 /* Localization */,
				FA2DD934215F67DF003F1ED1 /* Server */,
				FA2DD929215F67C1003F1ED1 /* Network */,
				FA2DD91F215F6727003F1ED1 /* Category */,
				FA2DD8EC215F6467003F1ED1 /* AppDelegate.h */,
				FA2DD8ED215F6467003F1ED1 /* AppDelegate.m */,
				FA2DD8F5215F6468003F1ED1 /* Assets.xcassets */,
				FA2DD8F7215F6468003F1ED1 /* LaunchScreen.storyboard */,
				FA2DD8FA215F6468003F1ED1 /* Info.plist */,
				FA2DD8FB215F6468003F1ED1 /* main.m */,
				FA2DD91E215F647F003F1ED1 /* PrefixHeader.pch */,
			);
			path = red_school;
			sourceTree = "<group>";
		};
		FA2DD904215F6469003F1ED1 /* red_schoolTests */ = {
			isa = PBXGroup;
			children = (
				FA2DD905215F6469003F1ED1 /* red_schoolTests.m */,
				FA2DD907215F6469003F1ED1 /* Info.plist */,
			);
			path = red_schoolTests;
			sourceTree = "<group>";
		};
		FA2DD90F215F6469003F1ED1 /* red_schoolUITests */ = {
			isa = PBXGroup;
			children = (
				FA2DD910215F6469003F1ED1 /* red_schoolUITests.m */,
				FA2DD912215F6469003F1ED1 /* Info.plist */,
			);
			path = red_schoolUITests;
			sourceTree = "<group>";
		};
		FA2DD91F215F6727003F1ED1 /* Category */ = {
			isa = PBXGroup;
			children = (
				FA2DD922215F67AC003F1ED1 /* AppDelegate+SFNotify.h */,
				FA2DD924215F67AD003F1ED1 /* AppDelegate+SFNotify.m */,
				FA2DD920215F67AC003F1ED1 /* AppDelegate+SFRegister.h */,
				FA2DD921215F67AC003F1ED1 /* AppDelegate+SFRegister.m */,
				FA2DD925215F67AD003F1ED1 /* AppDelegate+SFSetup.h */,
				FA2DD923215F67AC003F1ED1 /* AppDelegate+SFSetup.m */,
			);
			path = Category;
			sourceTree = "<group>";
		};
		FA2DD929215F67C1003F1ED1 /* Network */ = {
			isa = PBXGroup;
			children = (
				FA2DD92A215F67CA003F1ED1 /* Http */,
			);
			path = Network;
			sourceTree = "<group>";
		};
		FA2DD92A215F67CA003F1ED1 /* Http */ = {
			isa = PBXGroup;
			children = (
				FA2DD92D215F67D7003F1ED1 /* SFHttp.h */,
				FA2DD92E215F67D7003F1ED1 /* SFHttp.m */,
				FA2DD92C215F67D7003F1ED1 /* SFHttpBaseService.h */,
				FA2DD92F215F67D7003F1ED1 /* SFHttpBaseService.m */,
				FA2DD930215F67D8003F1ED1 /* SFHttpService.h */,
				FA2DD92B215F67D7003F1ED1 /* SFHttpService.m */,
			);
			path = Http;
			sourceTree = "<group>";
		};
		FA2DD934215F67DF003F1ED1 /* Server */ = {
			isa = PBXGroup;
			children = (
				FA2DD935215F67E8003F1ED1 /* server-info.plist */,
				FA2DD936215F67E8003F1ED1 /* SFServer.h */,
				FA2DD937215F67E8003F1ED1 /* SFServer.m */,
			);
			path = Server;
			sourceTree = "<group>";
		};
		FA2DD93A215F680F003F1ED1 /* Localization */ = {
			isa = PBXGroup;
			children = (
				FA2DD940215F6832003F1ED1 /* SFLocalization.h */,
				FA2DD941215F6832003F1ED1 /* SFLocalization.m */,
				FA2DD93B215F681B003F1ED1 /* langs */,
			);
			path = Localization;
			sourceTree = "<group>";
		};
		FA2DD93B215F681B003F1ED1 /* langs */ = {
			isa = PBXGroup;
			children = (
				FA2DD93C215F682D003F1ED1 /* en.strings */,
				FA2DD93D215F682D003F1ED1 /* zh-Hans.strings */,
			);
			path = langs;
			sourceTree = "<group>";
		};
		FA2DD943215F683B003F1ED1 /* User */ = {
			isa = PBXGroup;
			children = (
				FA2DD945215F6842003F1ED1 /* SFUser.h */,
				FA2DD944215F6841003F1ED1 /* SFUser.m */,
			);
			path = User;
			sourceTree = "<group>";
		};
		FA2DD947215F684A003F1ED1 /* Common */ = {
			isa = PBXGroup;
			children = (
				FA2DD948215F6852003F1ED1 /* SFCommon.h */,
				FA2DD94C215F6852003F1ED1 /* SFCommon.m */,
				FA2DD94D215F6852003F1ED1 /* SFNotice.h */,
				FA2DD949215F6852003F1ED1 /* SFNotice.m */,
				FA2DD94A215F6852003F1ED1 /* SFPath.h */,
				FA2DD94B215F6852003F1ED1 /* SFPath.m */,
			);
			path = Common;
			sourceTree = "<group>";
		};
		FA2DD951215F688A003F1ED1 /* Web */ = {
			isa = PBXGroup;
			children = (
			);
			path = Web;
			sourceTree = "<group>";
		};
		FA2DD952215F68D3003F1ED1 /* Main */ = {
			isa = PBXGroup;
			children = (
				FA45B904216B428E000FE5BC /* MVC */,
				FA2DD971215F6A0D003F1ED1 /* Api */,
				FA2DD95B215F692E003F1ED1 /* Root */,
				FA2DD957215F690B003F1ED1 /* Base */,
				FA2DD953215F68DE003F1ED1 /* Manager */,
			);
			path = Main;
			sourceTree = "<group>";
		};
		FA2DD953215F68DE003F1ED1 /* Manager */ = {
			isa = PBXGroup;
			children = (
				FA2DD954215F68F7003F1ED1 /* SFAppManager.h */,
				FA2DD955215F68F8003F1ED1 /* SFAppManager.m */,
			);
			path = Manager;
			sourceTree = "<group>";
		};
		FA2DD957215F690B003F1ED1 /* Base */ = {
			isa = PBXGroup;
			children = (
				FA2DD958215F6922003F1ED1 /* SFBaseViewController.h */,
				FA2DD959215F6922003F1ED1 /* SFBaseViewController.m */,
				FA2DD95C215F6944003F1ED1 /* SFBaseNavigationController.h */,
				FA2DD95D215F6944003F1ED1 /* SFBaseNavigationController.m */,
				FA2DD95F215F6968003F1ED1 /* SFBaseTabBarController.h */,
				FA2DD960215F6968003F1ED1 /* SFBaseTabBarController.m */,
				FA2DD962215F6986003F1ED1 /* SFBaseTableViewCell.h */,
				FA2DD963215F6986003F1ED1 /* SFBaseTableViewCell.m */,
				FA2DD965215F699F003F1ED1 /* SFBaseTableView.h */,
				FA2DD966215F699F003F1ED1 /* SFBaseTableView.m */,
				FA2DD968215F69C0003F1ED1 /* SFBarButtonItem.h */,
				FA2DD969215F69C0003F1ED1 /* SFBarButtonItem.m */,
			);
			path = Base;
			sourceTree = "<group>";
		};
		FA2DD95B215F692E003F1ED1 /* Root */ = {
			isa = PBXGroup;
			children = (
				FA2DD96B215F69F3003F1ED1 /* SFRootTabBarController.h */,
				FA2DD96C215F69F3003F1ED1 /* SFRootTabBarController.m */,
				FA2DD96E215F6A07003F1ED1 /* SFNavigationController.h */,
				FA2DD96F215F6A07003F1ED1 /* SFNavigationController.m */,
			);
			path = Root;
			sourceTree = "<group>";
		};
		FA2DD971215F6A0D003F1ED1 /* Api */ = {
			isa = PBXGroup;
			children = (
				FA45B90C216B440E000FE5BC /* SFHttpApiLogin.h */,
				FA45B90D216B440E000FE5BC /* SFHttpApiLogin.m */,
			);
			path = Api;
			sourceTree = "<group>";
		};
		FA45B904216B428E000FE5BC /* MVC */ = {
			isa = PBXGroup;
			children = (
				FA45B908216B42BA000FE5BC /* View */,
				FA45B907216B42B5000FE5BC /* Model */,
				FA45B906216B429C000FE5BC /* Controller */,
			);
			path = MVC;
			sourceTree = "<group>";
		};
		FA45B906216B429C000FE5BC /* Controller */ = {
			isa = PBXGroup;
			children = (
				FA45B909216B42E8000FE5BC /* SFLoginViewController.h */,
				FA45B90A216B42E8000FE5BC /* SFLoginViewController.m */,
				FA45B90F216C8586000FE5BC /* SFHomeViewController.h */,
				FA45B910216C8586000FE5BC /* SFHomeViewController.m */,
				FA45B912216C8592000FE5BC /* SFMineViewController.h */,
				FA45B913216C8592000FE5BC /* SFMineViewController.m */,
			);
			path = Controller;
			sourceTree = "<group>";
		};
		FA45B907216B42B5000FE5BC /* Model */ = {
			isa = PBXGroup;
			children = (
			);
			path = Model;
			sourceTree = "<group>";
		};
		FA45B908216B42BA000FE5BC /* View */ = {
			isa = PBXGroup;
			children = (
			);
			path = View;
			sourceTree = "<group>";
		};
/* End PBXGroup section */

/* Begin PBXNativeTarget section */
		FA2DD8E8215F6467003F1ED1 /* red_school */ = {
			isa = PBXNativeTarget;
			buildConfigurationList = FA2DD915215F6469003F1ED1 /* Build configuration list for PBXNativeTarget "red_school" */;
			buildPhases = (
				AF1F1244EFBECBF4540D21E0 /* [CP] Check Pods Manifest.lock */,
				FA2DD8E5215F6467003F1ED1 /* Sources */,
				FA2DD8E6215F6467003F1ED1 /* Frameworks */,
				FA2DD8E7215F6467003F1ED1 /* Resources */,
				222DF05F6128739CB62B3D55 /* [CP] Embed Pods Frameworks */,
				7E3F67A007519D95FED46260 /* [CP] Copy Pods Resources */,
			);
			buildRules = (
			);
			dependencies = (
			);
			name = red_school;
			productName = red_school;
			productReference = FA2DD8E9215F6467003F1ED1 /* red_school.app */;
			productType = "com.apple.product-type.application";
		};
		FA2DD900215F6469003F1ED1 /* red_schoolTests */ = {
			isa = PBXNativeTarget;
			buildConfigurationList = FA2DD918215F6469003F1ED1 /* Build configuration list for PBXNativeTarget "red_schoolTests" */;
			buildPhases = (
				FA2DD8FD215F6469003F1ED1 /* Sources */,
				FA2DD8FE215F6469003F1ED1 /* Frameworks */,
				FA2DD8FF215F6469003F1ED1 /* Resources */,
			);
			buildRules = (
			);
			dependencies = (
				FA2DD903215F6469003F1ED1 /* PBXTargetDependency */,
			);
			name = red_schoolTests;
			productName = red_schoolTests;
			productReference = FA2DD901215F6469003F1ED1 /* red_schoolTests.xctest */;
			productType = "com.apple.product-type.bundle.unit-test";
		};
		FA2DD90B215F6469003F1ED1 /* red_schoolUITests */ = {
			isa = PBXNativeTarget;
			buildConfigurationList = FA2DD91B215F6469003F1ED1 /* Build configuration list for PBXNativeTarget "red_schoolUITests" */;
			buildPhases = (
				FA2DD908215F6469003F1ED1 /* Sources */,
				FA2DD909215F6469003F1ED1 /* Frameworks */,
				FA2DD90A215F6469003F1ED1 /* Resources */,
			);
			buildRules = (
			);
			dependencies = (
				FA2DD90E215F6469003F1ED1 /* PBXTargetDependency */,
			);
			name = red_schoolUITests;
			productName = red_schoolUITests;
			productReference = FA2DD90C215F6469003F1ED1 /* red_schoolUITests.xctest */;
			productType = "com.apple.product-type.bundle.ui-testing";
		};
/* End PBXNativeTarget section */

/* Begin PBXProject section */
		FA2DD8E1215F6467003F1ED1 /* Project object */ = {
			isa = PBXProject;
			attributes = {
				LastUpgradeCheck = 0940;
				ORGANIZATIONNAME = red;
				TargetAttributes = {
					FA2DD8E8215F6467003F1ED1 = {
						CreatedOnToolsVersion = 9.4.1;
					};
					FA2DD900215F6469003F1ED1 = {
						CreatedOnToolsVersion = 9.4.1;
						TestTargetID = FA2DD8E8215F6467003F1ED1;
					};
					FA2DD90B215F6469003F1ED1 = {
						CreatedOnToolsVersion = 9.4.1;
						TestTargetID = FA2DD8E8215F6467003F1ED1;
					};
				};
			};
			buildConfigurationList = FA2DD8E4215F6467003F1ED1 /* Build configuration list for PBXProject "red_school" */;
			compatibilityVersion = "Xcode 9.3";
			developmentRegion = en;
			hasScannedForEncodings = 0;
			knownRegions = (
				en,
				Base,
			);
			mainGroup = FA2DD8E0215F6467003F1ED1;
			productRefGroup = FA2DD8EA215F6467003F1ED1 /* Products */;
			projectDirPath = "";
			projectRoot = "";
			targets = (
				FA2DD8E8215F6467003F1ED1 /* red_school */,
				FA2DD900215F6469003F1ED1 /* red_schoolTests */,
				FA2DD90B215F6469003F1ED1 /* red_schoolUITests */,
			);
		};
/* End PBXProject section */

/* Begin PBXResourcesBuildPhase section */
		FA2DD8E7215F6467003F1ED1 /* Resources */ = {
			isa = PBXResourcesBuildPhase;
			buildActionMask = 2147483647;
			files = (
				FA2DD938215F67E8003F1ED1 /* server-info.plist in Resources */,
				FA2DD93E215F682D003F1ED1 /* en.strings in Resources */,
				FA2DD8F9215F6468003F1ED1 /* LaunchScreen.storyboard in Resources */,
				FA2DD8F6215F6468003F1ED1 /* Assets.xcassets in Resources */,
				FA2DD93F215F682D003F1ED1 /* zh-Hans.strings in Resources */,
			);
			runOnlyForDeploymentPostprocessing = 0;
		};
		FA2DD8FF215F6469003F1ED1 /* Resources */ = {
			isa = PBXResourcesBuildPhase;
			buildActionMask = 2147483647;
			files = (
			);
			runOnlyForDeploymentPostprocessing = 0;
		};
		FA2DD90A215F6469003F1ED1 /* Resources */ = {
			isa = PBXResourcesBuildPhase;
			buildActionMask = 2147483647;
			files = (
			);
			runOnlyForDeploymentPostprocessing = 0;
		};
/* End PBXResourcesBuildPhase section */

/* Begin PBXShellScriptBuildPhase section */
		222DF05F6128739CB62B3D55 /* [CP] Embed Pods Frameworks */ = {
			isa = PBXShellScriptBuildPhase;
			buildActionMask = 2147483647;
			files = (
			);
			inputPaths = (
			);
			name = "[CP] Embed Pods Frameworks";
			outputPaths = (
			);
			runOnlyForDeploymentPostprocessing = 0;
			shellPath = /bin/sh;
			shellScript = "\"${SRCROOT}/Pods/Target Support Files/Pods-red_school/Pods-red_school-frameworks.sh\"\n";
			showEnvVarsInLog = 0;
		};
		7E3F67A007519D95FED46260 /* [CP] Copy Pods Resources */ = {
			isa = PBXShellScriptBuildPhase;
			buildActionMask = 2147483647;
			files = (
			);
			inputPaths = (
				"${SRCROOT}/Pods/Target Support Files/Pods-red_school/Pods-red_school-resources.sh",
				"${PODS_ROOT}/MJRefresh/MJRefresh/MJRefresh.bundle",
				"${PODS_ROOT}/TSMessages/Pod/Assets/NotificationBackgroundError.png",
				"${PODS_ROOT}/TSMessages/Pod/Assets/NotificationBackgroundError@2x.png",
				"${PODS_ROOT}/TSMessages/Pod/Assets/NotificationBackgroundErrorIcon.png",
				"${PODS_ROOT}/TSMessages/Pod/Assets/NotificationBackgroundErrorIcon@2x.png",
				"${PODS_ROOT}/TSMessages/Pod/Assets/NotificationBackgroundMessage.png",
				"${PODS_ROOT}/TSMessages/Pod/Assets/NotificationBackgroundMessage@2x.png",
				"${PODS_ROOT}/TSMessages/Pod/Assets/NotificationBackgroundSuccess.png",
				"${PODS_ROOT}/TSMessages/Pod/Assets/NotificationBackgroundSuccess@2x.png",
				"${PODS_ROOT}/TSMessages/Pod/Assets/NotificationBackgroundSuccessIcon.png",
				"${PODS_ROOT}/TSMessages/Pod/Assets/NotificationBackgroundSuccessIcon@2x.png",
				"${PODS_ROOT}/TSMessages/Pod/Assets/NotificationBackgroundWarning.png",
				"${PODS_ROOT}/TSMessages/Pod/Assets/NotificationBackgroundWarning@2x.png",
				"${PODS_ROOT}/TSMessages/Pod/Assets/NotificationBackgroundWarningIcon.png",
				"${PODS_ROOT}/TSMessages/Pod/Assets/NotificationBackgroundWarningIcon@2x.png",
				"${PODS_ROOT}/TSMessages/Pod/Assets/NotificationButtonBackground.png",
				"${PODS_ROOT}/TSMessages/Pod/Assets/NotificationButtonBackground@2x.png",
				"${PODS_ROOT}/TSMessages/Pod/Assets/TSMessagesDefaultDesign.json",
			);
			name = "[CP] Copy Pods Resources";
			outputPaths = (
				"${TARGET_BUILD_DIR}/${UNLOCALIZED_RESOURCES_FOLDER_PATH}/MJRefresh.bundle",
				"${TARGET_BUILD_DIR}/${UNLOCALIZED_RESOURCES_FOLDER_PATH}/NotificationBackgroundError.png",
				"${TARGET_BUILD_DIR}/${UNLOCALIZED_RESOURCES_FOLDER_PATH}/NotificationBackgroundError@2x.png",
				"${TARGET_BUILD_DIR}/${UNLOCALIZED_RESOURCES_FOLDER_PATH}/NotificationBackgroundErrorIcon.png",
				"${TARGET_BUILD_DIR}/${UNLOCALIZED_RESOURCES_FOLDER_PATH}/NotificationBackgroundErrorIcon@2x.png",
				"${TARGET_BUILD_DIR}/${UNLOCALIZED_RESOURCES_FOLDER_PATH}/NotificationBackgroundMessage.png",
				"${TARGET_BUILD_DIR}/${UNLOCALIZED_RESOURCES_FOLDER_PATH}/NotificationBackgroundMessage@2x.png",
				"${TARGET_BUILD_DIR}/${UNLOCALIZED_RESOURCES_FOLDER_PATH}/NotificationBackgroundSuccess.png",
				"${TARGET_BUILD_DIR}/${UNLOCALIZED_RESOURCES_FOLDER_PATH}/NotificationBackgroundSuccess@2x.png",
				"${TARGET_BUILD_DIR}/${UNLOCALIZED_RESOURCES_FOLDER_PATH}/NotificationBackgroundSuccessIcon.png",
				"${TARGET_BUILD_DIR}/${UNLOCALIZED_RESOURCES_FOLDER_PATH}/NotificationBackgroundSuccessIcon@2x.png",
				"${TARGET_BUILD_DIR}/${UNLOCALIZED_RESOURCES_FOLDER_PATH}/NotificationBackgroundWarning.png",
				"${TARGET_BUILD_DIR}/${UNLOCALIZED_RESOURCES_FOLDER_PATH}/NotificationBackgroundWarning@2x.png",
				"${TARGET_BUILD_DIR}/${UNLOCALIZED_RESOURCES_FOLDER_PATH}/NotificationBackgroundWarningIcon.png",
				"${TARGET_BUILD_DIR}/${UNLOCALIZED_RESOURCES_FOLDER_PATH}/NotificationBackgroundWarningIcon@2x.png",
				"${TARGET_BUILD_DIR}/${UNLOCALIZED_RESOURCES_FOLDER_PATH}/NotificationButtonBackground.png",
				"${TARGET_BUILD_DIR}/${UNLOCALIZED_RESOURCES_FOLDER_PATH}/NotificationButtonBackground@2x.png",
				"${TARGET_BUILD_DIR}/${UNLOCALIZED_RESOURCES_FOLDER_PATH}/TSMessagesDefaultDesign.json",
			);
			runOnlyForDeploymentPostprocessing = 0;
			shellPath = /bin/sh;
			shellScript = "\"${SRCROOT}/Pods/Target Support Files/Pods-red_school/Pods-red_school-resources.sh\"\n";
			showEnvVarsInLog = 0;
		};
		AF1F1244EFBECBF4540D21E0 /* [CP] Check Pods Manifest.lock */ = {
			isa = PBXShellScriptBuildPhase;
			buildActionMask = 2147483647;
			files = (
			);
			inputPaths = (
				"${PODS_PODFILE_DIR_PATH}/Podfile.lock",
				"${PODS_ROOT}/Manifest.lock",
			);
			name = "[CP] Check Pods Manifest.lock";
			outputPaths = (
				"$(DERIVED_FILE_DIR)/Pods-red_school-checkManifestLockResult.txt",
			);
			runOnlyForDeploymentPostprocessing = 0;
			shellPath = /bin/sh;
			shellScript = "diff \"${PODS_PODFILE_DIR_PATH}/Podfile.lock\" \"${PODS_ROOT}/Manifest.lock\" > /dev/null\nif [ $? != 0 ] ; then\n    # print error to STDERR\n    echo \"error: The sandbox is not in sync with the Podfile.lock. Run 'pod install' or update your CocoaPods installation.\" >&2\n    exit 1\nfi\n# This output is used by Xcode 'outputs' to avoid re-running this script phase.\necho \"SUCCESS\" > \"${SCRIPT_OUTPUT_FILE_0}\"\n";
			showEnvVarsInLog = 0;
		};
/* End PBXShellScriptBuildPhase section */

/* Begin PBXSourcesBuildPhase section */
		FA2DD8E5215F6467003F1ED1 /* Sources */ = {
			isa = PBXSourcesBuildPhase;
			buildActionMask = 2147483647;
			files = (
				FA2DD931215F67D8003F1ED1 /* SFHttpService.m in Sources */,
				FA45B90E216B440E000FE5BC /* SFHttpApiLogin.m in Sources */,
				FA2DD96A215F69C0003F1ED1 /* SFBarButtonItem.m in Sources */,
				FA2DD950215F6853003F1ED1 /* SFCommon.m in Sources */,
				FA45B914216C8592000FE5BC /* SFMineViewController.m in Sources */,
				FA45B90B216B42E8000FE5BC /* SFLoginViewController.m in Sources */,
				FA2DD956215F68F8003F1ED1 /* SFAppManager.m in Sources */,
				FA2DD939215F67E8003F1ED1 /* SFServer.m in Sources */,
				FA2DD95A215F6922003F1ED1 /* SFBaseViewController.m in Sources */,
				FA2DD961215F6968003F1ED1 /* SFBaseTabBarController.m in Sources */,
				FA2DD95E215F6944003F1ED1 /* SFBaseNavigationController.m in Sources */,
				FA2DD967215F699F003F1ED1 /* SFBaseTableView.m in Sources */,
				FA2DD94F215F6853003F1ED1 /* SFPath.m in Sources */,
				FA2DD964215F6986003F1ED1 /* SFBaseTableViewCell.m in Sources */,
				FA2DD8FC215F6468003F1ED1 /* main.m in Sources */,
				FA2DD928215F67AD003F1ED1 /* AppDelegate+SFNotify.m in Sources */,
				FA2DD94E215F6853003F1ED1 /* SFNotice.m in Sources */,
				FA2DD970215F6A07003F1ED1 /* SFNavigationController.m in Sources */,
				FA2DD933215F67D8003F1ED1 /* SFHttpBaseService.m in Sources */,
				FA2DD946215F6842003F1ED1 /* SFUser.m in Sources */,
				FA2DD942215F6832003F1ED1 /* SFLocalization.m in Sources */,
				FA2DD932215F67D8003F1ED1 /* SFHttp.m in Sources */,
				FA2DD927215F67AD003F1ED1 /* AppDelegate+SFSetup.m in Sources */,
				FA45B911216C8586000FE5BC /* SFHomeViewController.m in Sources */,
				FA2DD8EE215F6467003F1ED1 /* AppDelegate.m in Sources */,
				FA2DD96D215F69F3003F1ED1 /* SFRootTabBarController.m in Sources */,
				FA2DD926215F67AD003F1ED1 /* AppDelegate+SFRegister.m in Sources */,
			);
			runOnlyForDeploymentPostprocessing = 0;
		};
		FA2DD8FD215F6469003F1ED1 /* Sources */ = {
			isa = PBXSourcesBuildPhase;
			buildActionMask = 2147483647;
			files = (
				FA2DD906215F6469003F1ED1 /* red_schoolTests.m in Sources */,
			);
			runOnlyForDeploymentPostprocessing = 0;
		};
		FA2DD908215F6469003F1ED1 /* Sources */ = {
			isa = PBXSourcesBuildPhase;
			buildActionMask = 2147483647;
			files = (
				FA2DD911215F6469003F1ED1 /* red_schoolUITests.m in Sources */,
			);
			runOnlyForDeploymentPostprocessing = 0;
		};
/* End PBXSourcesBuildPhase section */

/* Begin PBXTargetDependency section */
		FA2DD903215F6469003F1ED1 /* PBXTargetDependency */ = {
			isa = PBXTargetDependency;
			target = FA2DD8E8215F6467003F1ED1 /* red_school */;
			targetProxy = FA2DD902215F6469003F1ED1 /* PBXContainerItemProxy */;
		};
		FA2DD90E215F6469003F1ED1 /* PBXTargetDependency */ = {
			isa = PBXTargetDependency;
			target = FA2DD8E8215F6467003F1ED1 /* red_school */;
			targetProxy = FA2DD90D215F6469003F1ED1 /* PBXContainerItemProxy */;
		};
/* End PBXTargetDependency section */

/* Begin PBXVariantGroup section */
		FA2DD8F7215F6468003F1ED1 /* LaunchScreen.storyboard */ = {
			isa = PBXVariantGroup;
			children = (
				FA2DD8F8215F6468003F1ED1 /* Base */,
			);
			name = LaunchScreen.storyboard;
			sourceTree = "<group>";
		};
/* End PBXVariantGroup section */

/* Begin XCBuildConfiguration section */
		FA2DD913215F6469003F1ED1 /* Debug */ = {
			isa = XCBuildConfiguration;
			buildSettings = {
				ALWAYS_SEARCH_USER_PATHS = NO;
				CLANG_ANALYZER_NONNULL = YES;
				CLANG_ANALYZER_NUMBER_OBJECT_CONVERSION = YES_AGGRESSIVE;
				CLANG_CXX_LANGUAGE_STANDARD = "gnu++14";
				CLANG_CXX_LIBRARY = "libc++";
				CLANG_ENABLE_MODULES = YES;
				CLANG_ENABLE_OBJC_ARC = YES;
				CLANG_ENABLE_OBJC_WEAK = YES;
				CLANG_WARN_BLOCK_CAPTURE_AUTORELEASING = YES;
				CLANG_WARN_BOOL_CONVERSION = YES;
				CLANG_WARN_COMMA = YES;
				CLANG_WARN_CONSTANT_CONVERSION = YES;
				CLANG_WARN_DEPRECATED_OBJC_IMPLEMENTATIONS = YES;
				CLANG_WARN_DIRECT_OBJC_ISA_USAGE = YES_ERROR;
				CLANG_WARN_DOCUMENTATION_COMMENTS = YES;
				CLANG_WARN_EMPTY_BODY = YES;
				CLANG_WARN_ENUM_CONVERSION = YES;
				CLANG_WARN_INFINITE_RECURSION = YES;
				CLANG_WARN_INT_CONVERSION = YES;
				CLANG_WARN_NON_LITERAL_NULL_CONVERSION = YES;
				CLANG_WARN_OBJC_IMPLICIT_RETAIN_SELF = YES;
				CLANG_WARN_OBJC_LITERAL_CONVERSION = YES;
				CLANG_WARN_OBJC_ROOT_CLASS = YES_ERROR;
				CLANG_WARN_RANGE_LOOP_ANALYSIS = YES;
				CLANG_WARN_STRICT_PROTOTYPES = YES;
				CLANG_WARN_SUSPICIOUS_MOVE = YES;
				CLANG_WARN_UNGUARDED_AVAILABILITY = YES_AGGRESSIVE;
				CLANG_WARN_UNREACHABLE_CODE = YES;
				CLANG_WARN__DUPLICATE_METHOD_MATCH = YES;
				CODE_SIGN_IDENTITY = "iPhone Developer";
				COPY_PHASE_STRIP = NO;
				DEBUG_INFORMATION_FORMAT = dwarf;
				ENABLE_STRICT_OBJC_MSGSEND = YES;
				ENABLE_TESTABILITY = YES;
				GCC_C_LANGUAGE_STANDARD = gnu11;
				GCC_DYNAMIC_NO_PIC = NO;
				GCC_NO_COMMON_BLOCKS = YES;
				GCC_OPTIMIZATION_LEVEL = 0;
				GCC_PREPROCESSOR_DEFINITIONS = (
					"DEBUG=1",
					"$(inherited)",
				);
				GCC_WARN_64_TO_32_BIT_CONVERSION = YES;
				GCC_WARN_ABOUT_RETURN_TYPE = YES_ERROR;
				GCC_WARN_UNDECLARED_SELECTOR = YES;
				GCC_WARN_UNINITIALIZED_AUTOS = YES_AGGRESSIVE;
				GCC_WARN_UNUSED_FUNCTION = YES;
				GCC_WARN_UNUSED_VARIABLE = YES;
				IPHONEOS_DEPLOYMENT_TARGET = 8.0;
				MTL_ENABLE_DEBUG_INFO = YES;
				ONLY_ACTIVE_ARCH = YES;
				SDKROOT = iphoneos;
			};
			name = Debug;
		};
		FA2DD914215F6469003F1ED1 /* Release */ = {
			isa = XCBuildConfiguration;
			buildSettings = {
				ALWAYS_SEARCH_USER_PATHS = NO;
				CLANG_ANALYZER_NONNULL = YES;
				CLANG_ANALYZER_NUMBER_OBJECT_CONVERSION = YES_AGGRESSIVE;
				CLANG_CXX_LANGUAGE_STANDARD = "gnu++14";
				CLANG_CXX_LIBRARY = "libc++";
				CLANG_ENABLE_MODULES = YES;
				CLANG_ENABLE_OBJC_ARC = YES;
				CLANG_ENABLE_OBJC_WEAK = YES;
				CLANG_WARN_BLOCK_CAPTURE_AUTORELEASING = YES;
				CLANG_WARN_BOOL_CONVERSION = YES;
				CLANG_WARN_COMMA = YES;
				CLANG_WARN_CONSTANT_CONVERSION = YES;
				CLANG_WARN_DEPRECATED_OBJC_IMPLEMENTATIONS = YES;
				CLANG_WARN_DIRECT_OBJC_ISA_USAGE = YES_ERROR;
				CLANG_WARN_DOCUMENTATION_COMMENTS = YES;
				CLANG_WARN_EMPTY_BODY = YES;
				CLANG_WARN_ENUM_CONVERSION = YES;
				CLANG_WARN_INFINITE_RECURSION = YES;
				CLANG_WARN_INT_CONVERSION = YES;
				CLANG_WARN_NON_LITERAL_NULL_CONVERSION = YES;
				CLANG_WARN_OBJC_IMPLICIT_RETAIN_SELF = YES;
				CLANG_WARN_OBJC_LITERAL_CONVERSION = YES;
				CLANG_WARN_OBJC_ROOT_CLASS = YES_ERROR;
				CLANG_WARN_RANGE_LOOP_ANALYSIS = YES;
				CLANG_WARN_STRICT_PROTOTYPES = YES;
				CLANG_WARN_SUSPICIOUS_MOVE = YES;
				CLANG_WARN_UNGUARDED_AVAILABILITY = YES_AGGRESSIVE;
				CLANG_WARN_UNREACHABLE_CODE = YES;
				CLANG_WARN__DUPLICATE_METHOD_MATCH = YES;
				CODE_SIGN_IDENTITY = "iPhone Developer";
				COPY_PHASE_STRIP = NO;
				DEBUG_INFORMATION_FORMAT = "dwarf-with-dsym";
				ENABLE_NS_ASSERTIONS = NO;
				ENABLE_STRICT_OBJC_MSGSEND = YES;
				GCC_C_LANGUAGE_STANDARD = gnu11;
				GCC_NO_COMMON_BLOCKS = YES;
				GCC_WARN_64_TO_32_BIT_CONVERSION = YES;
				GCC_WARN_ABOUT_RETURN_TYPE = YES_ERROR;
				GCC_WARN_UNDECLARED_SELECTOR = YES;
				GCC_WARN_UNINITIALIZED_AUTOS = YES_AGGRESSIVE;
				GCC_WARN_UNUSED_FUNCTION = YES;
				GCC_WARN_UNUSED_VARIABLE = YES;
				IPHONEOS_DEPLOYMENT_TARGET = 8.0;
				MTL_ENABLE_DEBUG_INFO = NO;
				SDKROOT = iphoneos;
				VALIDATE_PRODUCT = YES;
			};
			name = Release;
		};
		FA2DD916215F6469003F1ED1 /* Debug */ = {
			isa = XCBuildConfiguration;
			baseConfigurationReference = F506A35F8774BECAF023A0C5 /* Pods-red_school.debug.xcconfig */;
			buildSettings = {
				ASSETCATALOG_COMPILER_APPICON_NAME = AppIcon;
				CODE_SIGN_STYLE = Automatic;
				DEVELOPMENT_TEAM = 3P942W4H57;
				GCC_PRECOMPILE_PREFIX_HEADER = YES;
				GCC_PREFIX_HEADER = "$(SRCROOT)/red_school/PrefixHeader.pch";
				INFOPLIST_FILE = red_school/Info.plist;
				IPHONEOS_DEPLOYMENT_TARGET = 8.0;
				LD_RUNPATH_SEARCH_PATHS = (
					"$(inherited)",
					"@executable_path/Frameworks",
				);
				PRODUCT_BUNDLE_IDENTIFIER = "com.red.red-school";
				PRODUCT_NAME = "$(TARGET_NAME)";
				TARGETED_DEVICE_FAMILY = 1;
			};
			name = Debug;
		};
		FA2DD917215F6469003F1ED1 /* Release */ = {
			isa = XCBuildConfiguration;
			baseConfigurationReference = 45AF23C55EA7E81AF01ADFA4 /* Pods-red_school.release.xcconfig */;
			buildSettings = {
				ASSETCATALOG_COMPILER_APPICON_NAME = AppIcon;
				CODE_SIGN_STYLE = Automatic;
				DEVELOPMENT_TEAM = 3P942W4H57;
				GCC_PRECOMPILE_PREFIX_HEADER = YES;
				GCC_PREFIX_HEADER = "$(SRCROOT)/red_school/PrefixHeader.pch";
				INFOPLIST_FILE = red_school/Info.plist;
				IPHONEOS_DEPLOYMENT_TARGET = 8.0;
				LD_RUNPATH_SEARCH_PATHS = (
					"$(inherited)",
					"@executable_path/Frameworks",
				);
				PRODUCT_BUNDLE_IDENTIFIER = "com.red.red-school";
				PRODUCT_NAME = "$(TARGET_NAME)";
				TARGETED_DEVICE_FAMILY = 1;
			};
			name = Release;
		};
		FA2DD919215F6469003F1ED1 /* Debug */ = {
			isa = XCBuildConfiguration;
			buildSettings = {
				BUNDLE_LOADER = "$(TEST_HOST)";
				CODE_SIGN_STYLE = Automatic;
				DEVELOPMENT_TEAM = 3P942W4H57;
				INFOPLIST_FILE = red_schoolTests/Info.plist;
				LD_RUNPATH_SEARCH_PATHS = (
					"$(inherited)",
					"@executable_path/Frameworks",
					"@loader_path/Frameworks",
				);
				PRODUCT_BUNDLE_IDENTIFIER = "com.red.red-schoolTests";
				PRODUCT_NAME = "$(TARGET_NAME)";
				TARGETED_DEVICE_FAMILY = "1,2";
				TEST_HOST = "$(BUILT_PRODUCTS_DIR)/red_school.app/red_school";
			};
			name = Debug;
		};
		FA2DD91A215F6469003F1ED1 /* Release */ = {
			isa = XCBuildConfiguration;
			buildSettings = {
				BUNDLE_LOADER = "$(TEST_HOST)";
				CODE_SIGN_STYLE = Automatic;
				DEVELOPMENT_TEAM = 3P942W4H57;
				INFOPLIST_FILE = red_schoolTests/Info.plist;
				LD_RUNPATH_SEARCH_PATHS = (
					"$(inherited)",
					"@executable_path/Frameworks",
					"@loader_path/Frameworks",
				);
				PRODUCT_BUNDLE_IDENTIFIER = "com.red.red-schoolTests";
				PRODUCT_NAME = "$(TARGET_NAME)";
				TARGETED_DEVICE_FAMILY = "1,2";
				TEST_HOST = "$(BUILT_PRODUCTS_DIR)/red_school.app/red_school";
			};
			name = Release;
		};
		FA2DD91C215F6469003F1ED1 /* Debug */ = {
			isa = XCBuildConfiguration;
			buildSettings = {
				CODE_SIGN_STYLE = Automatic;
				DEVELOPMENT_TEAM = 3P942W4H57;
				INFOPLIST_FILE = red_schoolUITests/Info.plist;
				LD_RUNPATH_SEARCH_PATHS = (
					"$(inherited)",
					"@executable_path/Frameworks",
					"@loader_path/Frameworks",
				);
				PRODUCT_BUNDLE_IDENTIFIER = "com.red.red-schoolUITests";
				PRODUCT_NAME = "$(TARGET_NAME)";
				TARGETED_DEVICE_FAMILY = "1,2";
				TEST_TARGET_NAME = red_school;
			};
			name = Debug;
		};
		FA2DD91D215F6469003F1ED1 /* Release */ = {
			isa = XCBuildConfiguration;
			buildSettings = {
				CODE_SIGN_STYLE = Automatic;
				DEVELOPMENT_TEAM = 3P942W4H57;
				INFOPLIST_FILE = red_schoolUITests/Info.plist;
				LD_RUNPATH_SEARCH_PATHS = (
					"$(inherited)",
					"@executable_path/Frameworks",
					"@loader_path/Frameworks",
				);
				PRODUCT_BUNDLE_IDENTIFIER = "com.red.red-schoolUITests";
				PRODUCT_NAME = "$(TARGET_NAME)";
				TARGETED_DEVICE_FAMILY = "1,2";
				TEST_TARGET_NAME = red_school;
			};
			name = Release;
		};
/* End XCBuildConfiguration section */

/* Begin XCConfigurationList section */
		FA2DD8E4215F6467003F1ED1 /* Build configuration list for PBXProject "red_school" */ = {
			isa = XCConfigurationList;
			buildConfigurations = (
				FA2DD913215F6469003F1ED1 /* Debug */,
				FA2DD914215F6469003F1ED1 /* Release */,
			);
			defaultConfigurationIsVisible = 0;
			defaultConfigurationName = Release;
		};
		FA2DD915215F6469003F1ED1 /* Build configuration list for PBXNativeTarget "red_school" */ = {
			isa = XCConfigurationList;
			buildConfigurations = (
				FA2DD916215F6469003F1ED1 /* Debug */,
				FA2DD917215F6469003F1ED1 /* Release */,
			);
			defaultConfigurationIsVisible = 0;
			defaultConfigurationName = Release;
		};
		FA2DD918215F6469003F1ED1 /* Build configuration list for PBXNativeTarget "red_schoolTests" */ = {
			isa = XCConfigurationList;
			buildConfigurations = (
				FA2DD919215F6469003F1ED1 /* Debug */,
				FA2DD91A215F6469003F1ED1 /* Release */,
			);
			defaultConfigurationIsVisible = 0;
			defaultConfigurationName = Release;
		};
		FA2DD91B215F6469003F1ED1 /* Build configuration list for PBXNativeTarget "red_schoolUITests" */ = {
			isa = XCConfigurationList;
			buildConfigurations = (
				FA2DD91C215F6469003F1ED1 /* Debug */,
				FA2DD91D215F6469003F1ED1 /* Release */,
			);
			defaultConfigurationIsVisible = 0;
			defaultConfigurationName = Release;
		};
/* End XCConfigurationList section */
	};
	rootObject = FA2DD8E1215F6467003F1ED1 /* Project object */;
}
